
Microsoft Visual Studio Solution File, Format Version 12.00
# Visual Studio Version 16
VisualStudioVersion = 16.0.31313.79
MinimumVisualStudioVersion = 10.0.40219.1
Project("{FAE04EC0-301F-11D3-BF4B-00C04F79EFBC}") = "ConsoleUI", "ConsoleUI\ConsoleUI.csproj", "{2D5DE8A2-D984-4B71-B58D-081538F7FBFC}"
EndProject
Project("{FAE04EC0-301F-11D3-BF4B-00C04F79EFBC}") = "Utilites", "Utilites\Utilites.csproj", "{D2B2A61A-CACB-4A5D-A51A-74C3ED6ABC27}"
EndProject
Global
	GlobalSection(SolutionConfigurationPlatforms) = preSolution
		Debug|Any CPU = Debug|Any CPU
		Release|Any CPU = Release|Any CPU
	EndGlobalSection
	GlobalSection(ProjectConfigurationPlatforms) = postSolution
		{2D5DE8A2-D984-4B71-B58D-081538F7FBFC}.Debug|Any CPU.ActiveCfg = Debug|Any CPU
		{2D5DE8A2-D984-4B71-B58D-081538F7FBFC}.Debug|Any CPU.Build.0 = Debug|Any CPU
		{2D5DE8A2-D984-4B71-B58D-081538F7FBFC}.Release|Any CPU.ActiveCfg = Release|Any CPU
		{2D5DE8A2-D984-4B71-B58D-081538F7FBFC}.Release|Any CPU.Build.0 = Release|Any CPU
		{D2B2A61A-CACB-4A5D-A51A-74C3ED6ABC27}.Debug|Any CPU.ActiveCfg = Debug|Any CPU
		{D2B2A61A-CACB-4A5D-A51A-74C3ED6ABC27}.Debug|Any CPU.Build.0 = Debug|Any CPU
		{D2B2A61A-CACB-4A5D-A51A-74C3ED6ABC27}.Release|Any CPU.ActiveCfg = Release|Any CPU
		{D2B2A61A-CACB-4A5D-A51A-74C3ED6ABC27}.Release|Any CPU.Build.0 = Release|Any CPU
	EndGlobalSection
	GlobalSection(SolutionProperties) = preSolution
		HideSolutionNode = FALSE
	EndGlobalSection
	GlobalSection(ExtensibilityGlobals) = postSolution
		SolutionGuid = {1D4A5326-53E3-4D5F-AECB-5317AB864B86}
	EndGlobalSection
EndGlobal
